# This file is autogenerated, do not edit; changes may be undone by the next 'dep ensure'.


[[projects]]
  branch = "master"
  digest = "1:72b78aac789a7b10282d8e71bb6618eaba311ff9da66bed25af1d76f181d3561"
  name = "github.com/blacked/go-zabbix"
  packages = ["."]
  pruneopts = "UT"
  revision = "3c6a95ec4fdc345b48c4e0e5f5c87d48d3fc40b5"

[[projects]]
  digest = "1:abaaa7489a2f0f3afb2adc8ea1a282a5bd52350b87b26da220c94fc778d6d63b"
  name = "github.com/docopt/docopt-go"
  packages = ["."]
  pruneopts = "UT"
  revision = "784ddc588536785e7299f7272f39101f7faccc3f"
  version = "0.6.2"

[[projects]]
  branch = "master"
  digest = "1:4fcc2642b79154894b404300e290f7967dcacd069b22b74867015b32da89aa42"
  name = "github.com/reconquest/hierr-go"
  packages = ["."]
  pruneopts = "UT"
  revision = "7d09c0176fd2bb7fd71a4349d1253eef9edb2c5c"

[[projects]]
  branch = "master"
  digest = "1:ade8553e2161fce98433fe17b6bcbfadeaa727e8d0fb0a6542d8385911487be4"
  name = "github.com/reconquest/karma-go"
  packages = ["."]
  pruneopts = "UT"
  revision = "1dd2a756e5072411904cf1b01a678baed59092e4"

[solve-meta]
  analyzer-name = "dep"
  analyzer-version = 1
  input-imports = [
    "github.com/blacked/go-zabbix",
    "github.com/docopt/docopt-go",
    "github.com/reconquest/hierr-go",
    "github.com/reconquest/karma-go",
  ]
  solver-name = "gps-cdcl"
  solver-version = 1
